<?xml version="1.0" encoding="UTF-8" standalone="yes" ?>
<CodeBlocks_project_file>
	<FileVersion major="1" minor="6" />
	<Project>
		<Option title="WaveformMorpher" />
		<Option pch_mode="2" />
		<Option compiler="gcc" />
		<Build>
			<Target title="Debug">
				<Option output="bin/Debug/WaveformMorpher" prefix_auto="1" extension_auto="1" />
				<Option object_output="obj/Debug/" />
				<Option type="1" />
				<Option compiler="gcc" />
				<Compiler>
					<Add option="-Og" />
					<Add option="-g" />
				</Compiler>
			</Target>
		</Build>
		<Compiler>
			<Add option="-Wall" />
			<Add option="-std=c++11" />
			<Add option="-D__LINUX_ALSA__" />
			<Add directory="/usr/local/include/json-c" />
		</Compiler>
		<Linker>
			<Add option="-lrt -lm -lasound -pthread -lfftw3 -lfftw3_threads -lpigpio" />
			<Add library="/usr/local/lib/libportaudio.a" />
			<Add library="/usr/local/lib/fbg" />
			<Add library="/usr/local/lib/libfftw3.a" />
			<Add library="/usr/local/lib/librtmidi.a" />
			<Add directory="/usr/local/lib" />
		</Linker>
		<Unit filename="src/ADSR.cpp" />
		<Unit filename="src/ADSR.hpp" />
		<Unit filename="src/AudioOut.cpp" />
		<Unit filename="src/AudioOut.hpp" />
		<Unit filename="src/ButtonActions.cpp" />
		<Unit filename="src/ButtonActions.hpp" />
		<Unit filename="src/FbGraphics.cpp" />
		<Unit filename="src/FbGraphics.hpp" />
		<Unit filename="src/FourierTransformer.cpp" />
		<Unit filename="src/FourierTransformer.hpp" />
		<Unit filename="src/GlobalDefinitions.hpp" />
		<Unit filename="src/Loader.cpp" />
		<Unit filename="src/Loader.hpp" />
		<Unit filename="src/MidiHandling.cpp" />
		<Unit filename="src/MidiHandling.hpp" />
		<Unit filename="src/RtMidi.h" />
		<Unit filename="src/TimerEvent.cpp" />
		<Unit filename="src/TimerEvent.hpp" />
		<Unit filename="src/Touchscreen.cpp" />
		<Unit filename="src/Touchscreen.hpp" />
		<Unit filename="src/UI.cpp" />
		<Unit filename="src/UI.hpp" />
		<Unit filename="src/UIRenderer.cpp" />
		<Unit filename="src/UIRenderer.hpp" />
		<Unit filename="src/WaveGenerator.cpp" />
		<Unit filename="src/WaveGenerator.hpp" />
		<Unit filename="src/WaveOsc.cpp" />
		<Unit filename="src/WaveOsc.hpp" />
		<Unit filename="src/fbgraphics.h" />
		<Unit filename="src/json.hpp" />
		<Unit filename="src/main.cpp" />
		<Extensions />
	</Project>
</CodeBlocks_project_file>
